// !$*UTF8*$!
{
	archiveVersion = 1;
	classes = {
	};
	objectVersion = 50;
	objects = {

/* Begin PBXBuildFile section */
		A2243B1024E6CD6F005AB9FD /* BoredTask.swift in Sources */ = {isa = PBXBuildFile; fileRef = A2243B0F24E6CD6F005AB9FD /* BoredTask.swift */; };
		A25D9B8324EAAED500E93D5F /* Task.swift in Sources */ = {isa = PBXBuildFile; fileRef = A25D9B8224EAAED500E93D5F /* Task.swift */; };
		A25D9B8724EAB19E00E93D5F /* TaskTableViewCell.swift in Sources */ = {isa = PBXBuildFile; fileRef = A25D9B8624EAB19E00E93D5F /* TaskTableViewCell.swift */; };
		A25D9B8924EABE4E00E93D5F /* MyTasksViewController.swift in Sources */ = {isa = PBXBuildFile; fileRef = A25D9B8824EABE4E00E93D5F /* MyTasksViewController.swift */; };
		A2689CA624EDDA2C002D8C72 /* OnboardingViewController.swift in Sources */ = {isa = PBXBuildFile; fileRef = A2689CA524EDDA2C002D8C72 /* OnboardingViewController.swift */; };
		A2689CA824EDDA76002D8C72 /* OnboardingCollectionViewCell.swift in Sources */ = {isa = PBXBuildFile; fileRef = A2689CA724EDDA76002D8C72 /* OnboardingCollectionViewCell.swift */; };
		A2689CAA24EDDDC7002D8C72 /* OnBoarding.swift in Sources */ = {isa = PBXBuildFile; fileRef = A2689CA924EDDDC7002D8C72 /* OnBoarding.swift */; };
		A2A79A2F24E6010C00866132 /* AppDelegate.swift in Sources */ = {isa = PBXBuildFile; fileRef = A2A79A2E24E6010C00866132 /* AppDelegate.swift */; };
		A2A79A3124E6010C00866132 /* SceneDelegate.swift in Sources */ = {isa = PBXBuildFile; fileRef = A2A79A3024E6010C00866132 /* SceneDelegate.swift */; };
		A2A79A3824E6010F00866132 /* Assets.xcassets in Resources */ = {isa = PBXBuildFile; fileRef = A2A79A3724E6010F00866132 /* Assets.xcassets */; };
		A2A79A3B24E6010F00866132 /* LaunchScreen.storyboard in Resources */ = {isa = PBXBuildFile; fileRef = A2A79A3924E6010F00866132 /* LaunchScreen.storyboard */; };
		A2A79A4624E6011000866132 /* TimeTaskTests.swift in Sources */ = {isa = PBXBuildFile; fileRef = A2A79A4524E6011000866132 /* TimeTaskTests.swift */; };
		A2A79A5124E6011000866132 /* TimeTaskUITests.swift in Sources */ = {isa = PBXBuildFile; fileRef = A2A79A5024E6011000866132 /* TimeTaskUITests.swift */; };
		A2CE3C1224EC0149001634FF /* BoredAPI.swift in Sources */ = {isa = PBXBuildFile; fileRef = A2CE3C1124EC0149001634FF /* BoredAPI.swift */; };
		A2CE3C1524EC05FD001634FF /* BoredApiError.swift in Sources */ = {isa = PBXBuildFile; fileRef = A2CE3C1424EC05FD001634FF /* BoredApiError.swift */; };
		A2CE3C1724EC1399001634FF /* NewTaskView.swift in Sources */ = {isa = PBXBuildFile; fileRef = A2CE3C1624EC1399001634FF /* NewTaskView.swift */; };
		A2CE3C1924EC1447001634FF /* NewtaskViewController.swift in Sources */ = {isa = PBXBuildFile; fileRef = A2CE3C1824EC1447001634FF /* NewtaskViewController.swift */; };
		A2CE3C1C24EC90C2001634FF /* NewTaskDelegate.swift in Sources */ = {isa = PBXBuildFile; fileRef = A2CE3C1B24EC90C2001634FF /* NewTaskDelegate.swift */; };
		A2D9744424ED639C00C88C34 /* NewTaskTableViewCell.swift in Sources */ = {isa = PBXBuildFile; fileRef = A2D9744324ED639C00C88C34 /* NewTaskTableViewCell.swift */; };
		A2D9744724EDAEBF00C88C34 /* UpdateDataDelegate.swift in Sources */ = {isa = PBXBuildFile; fileRef = A2D9744624EDAEBF00C88C34 /* UpdateDataDelegate.swift */; };
		A2D9744924EDAF1300C88C34 /* Forms.swift in Sources */ = {isa = PBXBuildFile; fileRef = A2D9744824EDAF1300C88C34 /* Forms.swift */; };
/* End PBXBuildFile section */

/* Begin PBXContainerItemProxy section */
		A2A79A4224E6011000866132 /* PBXContainerItemProxy */ = {
			isa = PBXContainerItemProxy;
			containerPortal = A2A79A2324E6010C00866132 /* Project object */;
			proxyType = 1;
			remoteGlobalIDString = A2A79A2A24E6010C00866132;
			remoteInfo = TimeTask;
		};
		A2A79A4D24E6011000866132 /* PBXContainerItemProxy */ = {
			isa = PBXContainerItemProxy;
			containerPortal = A2A79A2324E6010C00866132 /* Project object */;
			proxyType = 1;
			remoteGlobalIDString = A2A79A2A24E6010C00866132;
			remoteInfo = TimeTask;
		};
/* End PBXContainerItemProxy section */

/* Begin PBXFileReference section */
		A2243B0F24E6CD6F005AB9FD /* BoredTask.swift */ = {isa = PBXFileReference; lastKnownFileType = sourcecode.swift; path = BoredTask.swift; sourceTree = "<group>"; };
		A25D9B8224EAAED500E93D5F /* Task.swift */ = {isa = PBXFileReference; lastKnownFileType = sourcecode.swift; path = Task.swift; sourceTree = "<group>"; };
		A25D9B8624EAB19E00E93D5F /* TaskTableViewCell.swift */ = {isa = PBXFileReference; lastKnownFileType = sourcecode.swift; path = TaskTableViewCell.swift; sourceTree = "<group>"; };
		A25D9B8824EABE4E00E93D5F /* MyTasksViewController.swift */ = {isa = PBXFileReference; lastKnownFileType = sourcecode.swift; path = MyTasksViewController.swift; sourceTree = "<group>"; };
		A2689CA524EDDA2C002D8C72 /* OnboardingViewController.swift */ = {isa = PBXFileReference; lastKnownFileType = sourcecode.swift; path = OnboardingViewController.swift; sourceTree = "<group>"; };
		A2689CA724EDDA76002D8C72 /* OnboardingCollectionViewCell.swift */ = {isa = PBXFileReference; lastKnownFileType = sourcecode.swift; path = OnboardingCollectionViewCell.swift; sourceTree = "<group>"; };
		A2689CA924EDDDC7002D8C72 /* OnBoarding.swift */ = {isa = PBXFileReference; lastKnownFileType = sourcecode.swift; path = OnBoarding.swift; sourceTree = "<group>"; };
		A2A79A2B24E6010C00866132 /* TimeTask.app */ = {isa = PBXFileReference; explicitFileType = wrapper.application; includeInIndex = 0; path = TimeTask.app; sourceTree = BUILT_PRODUCTS_DIR; };
		A2A79A2E24E6010C00866132 /* AppDelegate.swift */ = {isa = PBXFileReference; lastKnownFileType = sourcecode.swift; path = AppDelegate.swift; sourceTree = "<group>"; };
		A2A79A3024E6010C00866132 /* SceneDelegate.swift */ = {isa = PBXFileReference; lastKnownFileType = sourcecode.swift; path = SceneDelegate.swift; sourceTree = "<group>"; };
		A2A79A3724E6010F00866132 /* Assets.xcassets */ = {isa = PBXFileReference; lastKnownFileType = folder.assetcatalog; path = Assets.xcassets; sourceTree = "<group>"; };
		A2A79A3A24E6010F00866132 /* Base */ = {isa = PBXFileReference; lastKnownFileType = file.storyboard; name = Base; path = Base.lproj/LaunchScreen.storyboard; sourceTree = "<group>"; };
		A2A79A3C24E6010F00866132 /* Info.plist */ = {isa = PBXFileReference; lastKnownFileType = text.plist.xml; path = Info.plist; sourceTree = "<group>"; };
		A2A79A4124E6011000866132 /* TimeTaskTests.xctest */ = {isa = PBXFileReference; explicitFileType = wrapper.cfbundle; includeInIndex = 0; path = TimeTaskTests.xctest; sourceTree = BUILT_PRODUCTS_DIR; };
		A2A79A4524E6011000866132 /* TimeTaskTests.swift */ = {isa = PBXFileReference; lastKnownFileType = sourcecode.swift; path = TimeTaskTests.swift; sourceTree = "<group>"; };
		A2A79A4724E6011000866132 /* Info.plist */ = {isa = PBXFileReference; lastKnownFileType = text.plist.xml; path = Info.plist; sourceTree = "<group>"; };
		A2A79A4C24E6011000866132 /* TimeTaskUITests.xctest */ = {isa = PBXFileReference; explicitFileType = wrapper.cfbundle; includeInIndex = 0; path = TimeTaskUITests.xctest; sourceTree = BUILT_PRODUCTS_DIR; };
		A2A79A5024E6011000866132 /* TimeTaskUITests.swift */ = {isa = PBXFileReference; lastKnownFileType = sourcecode.swift; path = TimeTaskUITests.swift; sourceTree = "<group>"; };
		A2A79A5224E6011000866132 /* Info.plist */ = {isa = PBXFileReference; lastKnownFileType = text.plist.xml; path = Info.plist; sourceTree = "<group>"; };
		A2CE3C1124EC0149001634FF /* BoredAPI.swift */ = {isa = PBXFileReference; lastKnownFileType = sourcecode.swift; path = BoredAPI.swift; sourceTree = "<group>"; };
		A2CE3C1424EC05FD001634FF /* BoredApiError.swift */ = {isa = PBXFileReference; lastKnownFileType = sourcecode.swift; path = BoredApiError.swift; sourceTree = "<group>"; };
		A2CE3C1624EC1399001634FF /* NewTaskView.swift */ = {isa = PBXFileReference; lastKnownFileType = sourcecode.swift; path = NewTaskView.swift; sourceTree = "<group>"; };
		A2CE3C1824EC1447001634FF /* NewtaskViewController.swift */ = {isa = PBXFileReference; lastKnownFileType = sourcecode.swift; path = NewtaskViewController.swift; sourceTree = "<group>"; };
		A2CE3C1B24EC90C2001634FF /* NewTaskDelegate.swift */ = {isa = PBXFileReference; lastKnownFileType = sourcecode.swift; path = NewTaskDelegate.swift; sourceTree = "<group>"; };
		A2D9744324ED639C00C88C34 /* NewTaskTableViewCell.swift */ = {isa = PBXFileReference; lastKnownFileType = sourcecode.swift; path = NewTaskTableViewCell.swift; sourceTree = "<group>"; };
		A2D9744624EDAEBF00C88C34 /* UpdateDataDelegate.swift */ = {isa = PBXFileReference; lastKnownFileType = sourcecode.swift; path = UpdateDataDelegate.swift; sourceTree = "<group>"; };
		A2D9744824EDAF1300C88C34 /* Forms.swift */ = {isa = PBXFileReference; lastKnownFileType = sourcecode.swift; path = Forms.swift; sourceTree = "<group>"; };
/* End PBXFileReference section */

/* Begin PBXFrameworksBuildPhase section */
		A2A79A2824E6010C00866132 /* Frameworks */ = {
			isa = PBXFrameworksBuildPhase;
			buildActionMask = 2147483647;
			files = (
			);
			runOnlyForDeploymentPostprocessing = 0;
		};
		A2A79A3E24E6011000866132 /* Frameworks */ = {
			isa = PBXFrameworksBuildPhase;
			buildActionMask = 2147483647;
			files = (
			);
			runOnlyForDeploymentPostprocessing = 0;
		};
		A2A79A4924E6011000866132 /* Frameworks */ = {
			isa = PBXFrameworksBuildPhase;
			buildActionMask = 2147483647;
			files = (
			);
			runOnlyForDeploymentPostprocessing = 0;
		};
/* End PBXFrameworksBuildPhase section */

/* Begin PBXGroup section */
		A20C2F6F24E710A700D81926 /* View */ = {
			isa = PBXGroup;
			children = (
				A25D9B8624EAB19E00E93D5F /* TaskTableViewCell.swift */,
				A2D9744324ED639C00C88C34 /* NewTaskTableViewCell.swift */,
				A2CE3C1624EC1399001634FF /* NewTaskView.swift */,
				A2689CA724EDDA76002D8C72 /* OnboardingCollectionViewCell.swift */,
			);
			path = View;
			sourceTree = "<group>";
		};
		A2243B0E24E6CD5B005AB9FD /* Model */ = {
			isa = PBXGroup;
			children = (
				A2243B0F24E6CD6F005AB9FD /* BoredTask.swift */,
				A25D9B8224EAAED500E93D5F /* Task.swift */,
				A2689CA924EDDDC7002D8C72 /* OnBoarding.swift */,
			);
			path = Model;
			sourceTree = "<group>";
		};
		A22844D624E6DF1700BDA1CA /* Controller */ = {
			isa = PBXGroup;
			children = (
				A25D9B8824EABE4E00E93D5F /* MyTasksViewController.swift */,
				A2CE3C1824EC1447001634FF /* NewtaskViewController.swift */,
				A2689CA524EDDA2C002D8C72 /* OnboardingViewController.swift */,
			);
			path = Controller;
			sourceTree = "<group>";
		};
		A2A79A2224E6010C00866132 = {
			isa = PBXGroup;
			children = (
				A2A79A2D24E6010C00866132 /* TimeTask */,
				A2A79A4424E6011000866132 /* TimeTaskTests */,
				A2A79A4F24E6011000866132 /* TimeTaskUITests */,
				A2A79A2C24E6010C00866132 /* Products */,
			);
			sourceTree = "<group>";
		};
		A2A79A2C24E6010C00866132 /* Products */ = {
			isa = PBXGroup;
			children = (
				A2A79A2B24E6010C00866132 /* TimeTask.app */,
				A2A79A4124E6011000866132 /* TimeTaskTests.xctest */,
				A2A79A4C24E6011000866132 /* TimeTaskUITests.xctest */,
			);
			name = Products;
			sourceTree = "<group>";
		};
		A2A79A2D24E6010C00866132 /* TimeTask */ = {
			isa = PBXGroup;
			children = (
				A2CE3C1A24EC909C001634FF /* Protocols */,
				A2CE3C1324EC05E5001634FF /* Enum */,
				A2CE3C1024EC0135001634FF /* Network */,
				A20C2F6F24E710A700D81926 /* View */,
				A22844D624E6DF1700BDA1CA /* Controller */,
				A2243B0E24E6CD5B005AB9FD /* Model */,
				A2A79A2E24E6010C00866132 /* AppDelegate.swift */,
				A2A79A3024E6010C00866132 /* SceneDelegate.swift */,
				A2A79A3724E6010F00866132 /* Assets.xcassets */,
				A2A79A3924E6010F00866132 /* LaunchScreen.storyboard */,
				A2A79A3C24E6010F00866132 /* Info.plist */,
			);
			path = TimeTask;
			sourceTree = "<group>";
		};
		A2A79A4424E6011000866132 /* TimeTaskTests */ = {
			isa = PBXGroup;
			children = (
				A2A79A4524E6011000866132 /* TimeTaskTests.swift */,
				A2A79A4724E6011000866132 /* Info.plist */,
			);
			path = TimeTaskTests;
			sourceTree = "<group>";
		};
		A2A79A4F24E6011000866132 /* TimeTaskUITests */ = {
			isa = PBXGroup;
			children = (
				A2A79A5024E6011000866132 /* TimeTaskUITests.swift */,
				A2A79A5224E6011000866132 /* Info.plist */,
			);
			path = TimeTaskUITests;
			sourceTree = "<group>";
		};
		A2CE3C1024EC0135001634FF /* Network */ = {
			isa = PBXGroup;
			children = (
				A2CE3C1124EC0149001634FF /* BoredAPI.swift */,
			);
			path = Network;
			sourceTree = "<group>";
		};
		A2CE3C1324EC05E5001634FF /* Enum */ = {
			isa = PBXGroup;
			children = (
				A2CE3C1424EC05FD001634FF /* BoredApiError.swift */,
				A2D9744824EDAF1300C88C34 /* Forms.swift */,
			);
			path = Enum;
			sourceTree = "<group>";
		};
		A2CE3C1A24EC909C001634FF /* Protocols */ = {
			isa = PBXGroup;
			children = (
				A2CE3C1B24EC90C2001634FF /* NewTaskDelegate.swift */,
				A2D9744624EDAEBF00C88C34 /* UpdateDataDelegate.swift */,
			);
			path = Protocols;
			sourceTree = "<group>";
		};
/* End PBXGroup section */

/* Begin PBXNativeTarget section */
		A2A79A2A24E6010C00866132 /* TimeTask */ = {
			isa = PBXNativeTarget;
			buildConfigurationList = A2A79A5524E6011000866132 /* Build configuration list for PBXNativeTarget "TimeTask" */;
			buildPhases = (
				A2A79A2724E6010C00866132 /* Sources */,
				A2A79A2824E6010C00866132 /* Frameworks */,
				A2A79A2924E6010C00866132 /* Resources */,
				A20BD4EC24E6B476003829AE /* ShellScript */,
			);
			buildRules = (
			);
			dependencies = (
			);
			name = TimeTask;
			productName = TimeTask;
			productReference = A2A79A2B24E6010C00866132 /* TimeTask.app */;
			productType = "com.apple.product-type.application";
		};
		A2A79A4024E6011000866132 /* TimeTaskTests */ = {
			isa = PBXNativeTarget;
			buildConfigurationList = A2A79A5824E6011000866132 /* Build configuration list for PBXNativeTarget "TimeTaskTests" */;
			buildPhases = (
				A2A79A3D24E6011000866132 /* Sources */,
				A2A79A3E24E6011000866132 /* Frameworks */,
				A2A79A3F24E6011000866132 /* Resources */,
			);
			buildRules = (
			);
			dependencies = (
				A2A79A4324E6011000866132 /* PBXTargetDependency */,
			);
			name = TimeTaskTests;
			productName = TimeTaskTests;
			productReference = A2A79A4124E6011000866132 /* TimeTaskTests.xctest */;
			productType = "com.apple.product-type.bundle.unit-test";
		};
		A2A79A4B24E6011000866132 /* TimeTaskUITests */ = {
			isa = PBXNativeTarget;
			buildConfigurationList = A2A79A5B24E6011000866132 /* Build configuration list for PBXNativeTarget "TimeTaskUITests" */;
			buildPhases = (
				A2A79A4824E6011000866132 /* Sources */,
				A2A79A4924E6011000866132 /* Frameworks */,
				A2A79A4A24E6011000866132 /* Resources */,
			);
			buildRules = (
			);
			dependencies = (
				A2A79A4E24E6011000866132 /* PBXTargetDependency */,
			);
			name = TimeTaskUITests;
			productName = TimeTaskUITests;
			productReference = A2A79A4C24E6011000866132 /* TimeTaskUITests.xctest */;
			productType = "com.apple.product-type.bundle.ui-testing";
		};
/* End PBXNativeTarget section */

/* Begin PBXProject section */
		A2A79A2324E6010C00866132 /* Project object */ = {
			isa = PBXProject;
			attributes = {
				LastSwiftUpdateCheck = 1150;
				LastUpgradeCheck = 1150;
				ORGANIZATIONNAME = "José João Silva Nunes Alves";
				TargetAttributes = {
					A2A79A2A24E6010C00866132 = {
						CreatedOnToolsVersion = 11.5;
					};
					A2A79A4024E6011000866132 = {
						CreatedOnToolsVersion = 11.5;
						TestTargetID = A2A79A2A24E6010C00866132;
					};
					A2A79A4B24E6011000866132 = {
						CreatedOnToolsVersion = 11.5;
						TestTargetID = A2A79A2A24E6010C00866132;
					};
				};
			};
			buildConfigurationList = A2A79A2624E6010C00866132 /* Build configuration list for PBXProject "TimeTask" */;
			compatibilityVersion = "Xcode 9.3";
			developmentRegion = en;
			hasScannedForEncodings = 0;
			knownRegions = (
				en,
				Base,
			);
			mainGroup = A2A79A2224E6010C00866132;
			productRefGroup = A2A79A2C24E6010C00866132 /* Products */;
			projectDirPath = "";
			projectRoot = "";
			targets = (
				A2A79A2A24E6010C00866132 /* TimeTask */,
				A2A79A4024E6011000866132 /* TimeTaskTests */,
				A2A79A4B24E6011000866132 /* TimeTaskUITests */,
			);
		};
/* End PBXProject section */

/* Begin PBXResourcesBuildPhase section */
		A2A79A2924E6010C00866132 /* Resources */ = {
			isa = PBXResourcesBuildPhase;
			buildActionMask = 2147483647;
			files = (
				A2A79A3B24E6010F00866132 /* LaunchScreen.storyboard in Resources */,
				A2A79A3824E6010F00866132 /* Assets.xcassets in Resources */,
			);
			runOnlyForDeploymentPostprocessing = 0;
		};
		A2A79A3F24E6011000866132 /* Resources */ = {
			isa = PBXResourcesBuildPhase;
			buildActionMask = 2147483647;
			files = (
			);
			runOnlyForDeploymentPostprocessing = 0;
		};
		A2A79A4A24E6011000866132 /* Resources */ = {
			isa = PBXResourcesBuildPhase;
			buildActionMask = 2147483647;
			files = (
			);
			runOnlyForDeploymentPostprocessing = 0;
		};
/* End PBXResourcesBuildPhase section */

/* Begin PBXShellScriptBuildPhase section */
		A20BD4EC24E6B476003829AE /* ShellScript */ = {
			isa = PBXShellScriptBuildPhase;
			buildActionMask = 2147483647;
			files = (
			);
			inputFileListPaths = (
			);
			inputPaths = (
			);
			outputFileListPaths = (
			);
			outputPaths = (
			);
			runOnlyForDeploymentPostprocessing = 0;
			shellPath = /bin/sh;
			shellScript = "if which swiftlint >/dev/null; then\n  swiftlint\nelse\n  echo \"warning: SwiftLint not installed, download from https://github.com/realm/SwiftLint\"\nfi\n";
		};
/* End PBXShellScriptBuildPhase section */

/* Begin PBXSourcesBuildPhase section */
		A2A79A2724E6010C00866132 /* Sources */ = {
			isa = PBXSourcesBuildPhase;
			buildActionMask = 2147483647;
			files = (
				A25D9B8724EAB19E00E93D5F /* TaskTableViewCell.swift in Sources */,
				A2243B1024E6CD6F005AB9FD /* BoredTask.swift in Sources */,
				A2A79A2F24E6010C00866132 /* AppDelegate.swift in Sources */,
				A2689CA824EDDA76002D8C72 /* OnboardingCollectionViewCell.swift in Sources */,
				A2D9744924EDAF1300C88C34 /* Forms.swift in Sources */,
				A2D9744724EDAEBF00C88C34 /* UpdateDataDelegate.swift in Sources */,
				A2A79A3124E6010C00866132 /* SceneDelegate.swift in Sources */,
				A25D9B8324EAAED500E93D5F /* Task.swift in Sources */,
				A25D9B8924EABE4E00E93D5F /* MyTasksViewController.swift in Sources */,
				A2CE3C1924EC1447001634FF /* NewtaskViewController.swift in Sources */,
				A2CE3C1724EC1399001634FF /* NewTaskView.swift in Sources */,
				A2689CA624EDDA2C002D8C72 /* OnboardingViewController.swift in Sources */,
				A2689CAA24EDDDC7002D8C72 /* OnBoarding.swift in Sources */,
				A2CE3C1524EC05FD001634FF /* BoredApiError.swift in Sources */,
				A2D9744424ED639C00C88C34 /* NewTaskTableViewCell.swift in Sources */,
				A2CE3C1C24EC90C2001634FF /* NewTaskDelegate.swift in Sources */,
				A2CE3C1224EC0149001634FF /* BoredAPI.swift in Sources */,
			);
			runOnlyForDeploymentPostprocessing = 0;
		};
		A2A79A3D24E6011000866132 /* Sources */ = {
			isa = PBXSourcesBuildPhase;
			buildActionMask = 2147483647;
			files = (
				A2A79A4624E6011000866132 /* TimeTaskTests.swift in Sources */,
			);
			runOnlyForDeploymentPostprocessing = 0;
		};
		A2A79A4824E6011000866132 /* Sources */ = {
			isa = PBXSourcesBuildPhase;
			buildActionMask = 2147483647;
			files = (
				A2A79A5124E6011000866132 /* TimeTaskUITests.swift in Sources */,
			);
			runOnlyForDeploymentPostprocessing = 0;
		};
/* End PBXSourcesBuildPhase section */

/* Begin PBXTargetDependency section */
		A2A79A4324E6011000866132 /* PBXTargetDependency */ = {
			isa = PBXTargetDependency;
			target = A2A79A2A24E6010C00866132 /* TimeTask */;
			targetProxy = A2A79A4224E6011000866132 /* PBXContainerItemProxy */;
		};
		A2A79A4E24E6011000866132 /* PBXTargetDependency */ = {
			isa = PBXTargetDependency;
			target = A2A79A2A24E6010C00866132 /* TimeTask */;
			targetProxy = A2A79A4D24E6011000866132 /* PBXContainerItemProxy */;
		};
/* End PBXTargetDependency section */

/* Begin PBXVariantGroup section */
		A2A79A3924E6010F00866132 /* LaunchScreen.storyboard */ = {
			isa = PBXVariantGroup;
			children = (
				A2A79A3A24E6010F00866132 /* Base */,
			);
			name = LaunchScreen.storyboard;
			sourceTree = "<group>";
		};
/* End PBXVariantGroup section */

/* Begin XCBuildConfiguration section */
		A2A79A5324E6011000866132 /* Debug */ = {
			isa = XCBuildConfiguration;
			buildSettings = {
				ALWAYS_SEARCH_USER_PATHS = NO;
				CLANG_ANALYZER_NONNULL = YES;
				CLANG_ANALYZER_NUMBER_OBJECT_CONVERSION = YES_AGGRESSIVE;
				CLANG_CXX_LANGUAGE_STANDARD = "gnu++14";
				CLANG_CXX_LIBRARY = "libc++";
				CLANG_ENABLE_MODULES = YES;
				CLANG_ENABLE_OBJC_ARC = YES;
				CLANG_ENABLE_OBJC_WEAK = YES;
				CLANG_WARN_BLOCK_CAPTURE_AUTORELEASING = YES;
				CLANG_WARN_BOOL_CONVERSION = YES;
				CLANG_WARN_COMMA = YES;
				CLANG_WARN_CONSTANT_CONVERSION = YES;
				CLANG_WARN_DEPRECATED_OBJC_IMPLEMENTATIONS = YES;
				CLANG_WARN_DIRECT_OBJC_ISA_USAGE = YES_ERROR;
				CLANG_WARN_DOCUMENTATION_COMMENTS = YES;
				CLANG_WARN_EMPTY_BODY = YES;
				CLANG_WARN_ENUM_CONVERSION = YES;
				CLANG_WARN_INFINITE_RECURSION = YES;
				CLANG_WARN_INT_CONVERSION = YES;
				CLANG_WARN_NON_LITERAL_NULL_CONVERSION = YES;
				CLANG_WARN_OBJC_IMPLICIT_RETAIN_SELF = YES;
				CLANG_WARN_OBJC_LITERAL_CONVERSION = YES;
				CLANG_WARN_OBJC_ROOT_CLASS = YES_ERROR;
				CLANG_WARN_RANGE_LOOP_ANALYSIS = YES;
				CLANG_WARN_STRICT_PROTOTYPES = YES;
				CLANG_WARN_SUSPICIOUS_MOVE = YES;
				CLANG_WARN_UNGUARDED_AVAILABILITY = YES_AGGRESSIVE;
				CLANG_WARN_UNREACHABLE_CODE = YES;
				CLANG_WARN__DUPLICATE_METHOD_MATCH = YES;
				COPY_PHASE_STRIP = NO;
				DEBUG_INFORMATION_FORMAT = dwarf;
				ENABLE_STRICT_OBJC_MSGSEND = YES;
				ENABLE_TESTABILITY = YES;
				GCC_C_LANGUAGE_STANDARD = gnu11;
				GCC_DYNAMIC_NO_PIC = NO;
				GCC_NO_COMMON_BLOCKS = YES;
				GCC_OPTIMIZATION_LEVEL = 0;
				GCC_PREPROCESSOR_DEFINITIONS = (
					"DEBUG=1",
					"$(inherited)",
				);
				GCC_WARN_64_TO_32_BIT_CONVERSION = YES;
				GCC_WARN_ABOUT_RETURN_TYPE = YES_ERROR;
				GCC_WARN_UNDECLARED_SELECTOR = YES;
				GCC_WARN_UNINITIALIZED_AUTOS = YES_AGGRESSIVE;
				GCC_WARN_UNUSED_FUNCTION = YES;
				GCC_WARN_UNUSED_VARIABLE = YES;
				IPHONEOS_DEPLOYMENT_TARGET = 13.5;
				MTL_ENABLE_DEBUG_INFO = INCLUDE_SOURCE;
				MTL_FAST_MATH = YES;
				ONLY_ACTIVE_ARCH = YES;
				SDKROOT = iphoneos;
				SWIFT_ACTIVE_COMPILATION_CONDITIONS = DEBUG;
				SWIFT_OPTIMIZATION_LEVEL = "-Onone";
			};
			name = Debug;
		};
		A2A79A5424E6011000866132 /* Release */ = {
			isa = XCBuildConfiguration;
			buildSettings = {
				ALWAYS_SEARCH_USER_PATHS = NO;
				CLANG_ANALYZER_NONNULL = YES;
				CLANG_ANALYZER_NUMBER_OBJECT_CONVERSION = YES_AGGRESSIVE;
				CLANG_CXX_LANGUAGE_STANDARD = "gnu++14";
				CLANG_CXX_LIBRARY = "libc++";
				CLANG_ENABLE_MODULES = YES;
				CLANG_ENABLE_OBJC_ARC = YES;
				CLANG_ENABLE_OBJC_WEAK = YES;
				CLANG_WARN_BLOCK_CAPTURE_AUTORELEASING = YES;
				CLANG_WARN_BOOL_CONVERSION = YES;
				CLANG_WARN_COMMA = YES;
				CLANG_WARN_CONSTANT_CONVERSION = YES;
				CLANG_WARN_DEPRECATED_OBJC_IMPLEMENTATIONS = YES;
				CLANG_WARN_DIRECT_OBJC_ISA_USAGE = YES_ERROR;
				CLANG_WARN_DOCUMENTATION_COMMENTS = YES;
				CLANG_WARN_EMPTY_BODY = YES;
				CLANG_WARN_ENUM_CONVERSION = YES;
				CLANG_WARN_INFINITE_RECURSION = YES;
				CLANG_WARN_INT_CONVERSION = YES;
				CLANG_WARN_NON_LITERAL_NULL_CONVERSION = YES;
				CLANG_WARN_OBJC_IMPLICIT_RETAIN_SELF = YES;
				CLANG_WARN_OBJC_LITERAL_CONVERSION = YES;
				CLANG_WARN_OBJC_ROOT_CLASS = YES_ERROR;
				CLANG_WARN_RANGE_LOOP_ANALYSIS = YES;
				CLANG_WARN_STRICT_PROTOTYPES = YES;
				CLANG_WARN_SUSPICIOUS_MOVE = YES;
				CLANG_WARN_UNGUARDED_AVAILABILITY = YES_AGGRESSIVE;
				CLANG_WARN_UNREACHABLE_CODE = YES;
				CLANG_WARN__DUPLICATE_METHOD_MATCH = YES;
				COPY_PHASE_STRIP = NO;
				DEBUG_INFORMATION_FORMAT = "dwarf-with-dsym";
				ENABLE_NS_ASSERTIONS = NO;
				ENABLE_STRICT_OBJC_MSGSEND = YES;
				GCC_C_LANGUAGE_STANDARD = gnu11;
				GCC_NO_COMMON_BLOCKS = YES;
				GCC_WARN_64_TO_32_BIT_CONVERSION = YES;
				GCC_WARN_ABOUT_RETURN_TYPE = YES_ERROR;
				GCC_WARN_UNDECLARED_SELECTOR = YES;
				GCC_WARN_UNINITIALIZED_AUTOS = YES_AGGRESSIVE;
				GCC_WARN_UNUSED_FUNCTION = YES;
				GCC_WARN_UNUSED_VARIABLE = YES;
				IPHONEOS_DEPLOYMENT_TARGET = 13.5;
				MTL_ENABLE_DEBUG_INFO = NO;
				MTL_FAST_MATH = YES;
				SDKROOT = iphoneos;
				SWIFT_COMPILATION_MODE = wholemodule;
				SWIFT_OPTIMIZATION_LEVEL = "-O";
				VALIDATE_PRODUCT = YES;
			};
			name = Release;
		};
		A2A79A5624E6011000866132 /* Debug */ = {
			isa = XCBuildConfiguration;
			buildSettings = {
				ASSETCATALOG_COMPILER_APPICON_NAME = AppIcon;
				CODE_SIGN_STYLE = Automatic;
				INFOPLIST_FILE = TimeTask/Info.plist;
				LD_RUNPATH_SEARCH_PATHS = (
					"$(inherited)",
					"@executable_path/Frameworks",
				);
				PRODUCT_BUNDLE_IDENTIFIER = josejoao.TimeTask;
				PRODUCT_NAME = "$(TARGET_NAME)";
				SWIFT_VERSION = 5.0;
				TARGETED_DEVICE_FAMILY = "1,2";
			};
			name = Debug;
		};
		A2A79A5724E6011000866132 /* Release */ = {
			isa = XCBuildConfiguration;
			buildSettings = {
				ASSETCATALOG_COMPILER_APPICON_NAME = AppIcon;
				CODE_SIGN_STYLE = Automatic;
				INFOPLIST_FILE = TimeTask/Info.plist;
				LD_RUNPATH_SEARCH_PATHS = (
					"$(inherited)",
					"@executable_path/Frameworks",
				);
				PRODUCT_BUNDLE_IDENTIFIER = josejoao.TimeTask;
				PRODUCT_NAME = "$(TARGET_NAME)";
				SWIFT_VERSION = 5.0;
				TARGETED_DEVICE_FAMILY = "1,2";
			};
			name = Release;
		};
		A2A79A5924E6011000866132 /* Debug */ = {
			isa = XCBuildConfiguration;
			buildSettings = {
				ALWAYS_EMBED_SWIFT_STANDARD_LIBRARIES = YES;
				BUNDLE_LOADER = "$(TEST_HOST)";
				CODE_SIGN_STYLE = Automatic;
				INFOPLIST_FILE = TimeTaskTests/Info.plist;
				IPHONEOS_DEPLOYMENT_TARGET = 13.5;
				LD_RUNPATH_SEARCH_PATHS = (
					"$(inherited)",
					"@executable_path/Frameworks",
					"@loader_path/Frameworks",
				);
				PRODUCT_BUNDLE_IDENTIFIER = josejoao.TimeTaskTests;
				PRODUCT_NAME = "$(TARGET_NAME)";
				SWIFT_VERSION = 5.0;
				TARGETED_DEVICE_FAMILY = "1,2";
				TEST_HOST = "$(BUILT_PRODUCTS_DIR)/TimeTask.app/TimeTask";
			};
			name = Debug;
		};
		A2A79A5A24E6011000866132 /* Release */ = {
			isa = XCBuildConfiguration;
			buildSettings = {
				ALWAYS_EMBED_SWIFT_STANDARD_LIBRARIES = YES;
				BUNDLE_LOADER = "$(TEST_HOST)";
				CODE_SIGN_STYLE = Automatic;
				INFOPLIST_FILE = TimeTaskTests/Info.plist;
				IPHONEOS_DEPLOYMENT_TARGET = 13.5;
				LD_RUNPATH_SEARCH_PATHS = (
					"$(inherited)",
					"@executable_path/Frameworks",
					"@loader_path/Frameworks",
				);
				PRODUCT_BUNDLE_IDENTIFIER = josejoao.TimeTaskTests;
				PRODUCT_NAME = "$(TARGET_NAME)";
				SWIFT_VERSION = 5.0;
				TARGETED_DEVICE_FAMILY = "1,2";
				TEST_HOST = "$(BUILT_PRODUCTS_DIR)/TimeTask.app/TimeTask";
			};
			name = Release;
		};
		A2A79A5C24E6011000866132 /* Debug */ = {
			isa = XCBuildConfiguration;
			buildSettings = {
				ALWAYS_EMBED_SWIFT_STANDARD_LIBRARIES = YES;
				CODE_SIGN_STYLE = Automatic;
				INFOPLIST_FILE = TimeTaskUITests/Info.plist;
				LD_RUNPATH_SEARCH_PATHS = (
					"$(inherited)",
					"@executable_path/Frameworks",
					"@loader_path/Frameworks",
				);
				PRODUCT_BUNDLE_IDENTIFIER = josejoao.TimeTaskUITests;
				PRODUCT_NAME = "$(TARGET_NAME)";
				SWIFT_VERSION = 5.0;
				TARGETED_DEVICE_FAMILY = "1,2";
				TEST_TARGET_NAME = TimeTask;
			};
			name = Debug;
		};
		A2A79A5D24E6011000866132 /* Release */ = {
			isa = XCBuildConfiguration;
			buildSettings = {
				ALWAYS_EMBED_SWIFT_STANDARD_LIBRARIES = YES;
				CODE_SIGN_STYLE = Automatic;
				INFOPLIST_FILE = TimeTaskUITests/Info.plist;
				LD_RUNPATH_SEARCH_PATHS = (
					"$(inherited)",
					"@executable_path/Frameworks",
					"@loader_path/Frameworks",
				);
				PRODUCT_BUNDLE_IDENTIFIER = josejoao.TimeTaskUITests;
				PRODUCT_NAME = "$(TARGET_NAME)";
				SWIFT_VERSION = 5.0;
				TARGETED_DEVICE_FAMILY = "1,2";
				TEST_TARGET_NAME = TimeTask;
			};
			name = Release;
		};
/* End XCBuildConfiguration section */

/* Begin XCConfigurationList section */
		A2A79A2624E6010C00866132 /* Build configuration list for PBXProject "TimeTask" */ = {
			isa = XCConfigurationList;
			buildConfigurations = (
				A2A79A5324E6011000866132 /* Debug */,
				A2A79A5424E6011000866132 /* Release */,
			);
			defaultConfigurationIsVisible = 0;
			defaultConfigurationName = Release;
		};
		A2A79A5524E6011000866132 /* Build configuration list for PBXNativeTarget "TimeTask" */ = {
			isa = XCConfigurationList;
			buildConfigurations = (
				A2A79A5624E6011000866132 /* Debug */,
				A2A79A5724E6011000866132 /* Release */,
			);
			defaultConfigurationIsVisible = 0;
			defaultConfigurationName = Release;
		};
		A2A79A5824E6011000866132 /* Build configuration list for PBXNativeTarget "TimeTaskTests" */ = {
			isa = XCConfigurationList;
			buildConfigurations = (
				A2A79A5924E6011000866132 /* Debug */,
				A2A79A5A24E6011000866132 /* Release */,
			);
			defaultConfigurationIsVisible = 0;
			defaultConfigurationName = Release;
		};
		A2A79A5B24E6011000866132 /* Build configuration list for PBXNativeTarget "TimeTaskUITests" */ = {
			isa = XCConfigurationList;
			buildConfigurations = (
				A2A79A5C24E6011000866132 /* Debug */,
				A2A79A5D24E6011000866132 /* Release */,
			);
			defaultConfigurationIsVisible = 0;
			defaultConfigurationName = Release;
		};
/* End XCConfigurationList section */
	};
	rootObject = A2A79A2324E6010C00866132 /* Project object */;
}
